
Microsoft Visual Studio Solution File, Format Version 12.00
# Visual Studio Version 17
VisualStudioVersion = 17.4.33110.190
MinimumVisualStudioVersion = 10.0.40219.1
Project("{FAE04EC0-301F-11D3-BF4B-00C04F79EFBC}") = "UnitTestCourseManual", "UnitTestCourse\UnitTestCourseManual.csproj", "{309B1292-8F41-4B5F-9122-CDA4A84A28D5}"
EndProject
Project("{FAE04EC0-301F-11D3-BF4B-00C04F79EFBC}") = "NetworkUtility", "NetworkUtility\NetworkUtility.csproj", "{492795A8-FBBA-41C7-AAB4-923867315B31}"
EndProject
Project("{FAE04EC0-301F-11D3-BF4B-00C04F79EFBC}") = "NetworkUtility.Tests", "NetworkUtility.Tests\NetworkUtility.Tests.csproj", "{AFB3DA30-8653-4B1C-9611-48ECC4371A82}"
EndProject
Global
	GlobalSection(SolutionConfigurationPlatforms) = preSolution
		Debug|Any CPU = Debug|Any CPU
		Release|Any CPU = Release|Any CPU
	EndGlobalSection
	GlobalSection(ProjectConfigurationPlatforms) = postSolution
		{309B1292-8F41-4B5F-9122-CDA4A84A28D5}.Debug|Any CPU.ActiveCfg = Debug|Any CPU
		{309B1292-8F41-4B5F-9122-CDA4A84A28D5}.Debug|Any CPU.Build.0 = Debug|Any CPU
		{309B1292-8F41-4B5F-9122-CDA4A84A28D5}.Release|Any CPU.ActiveCfg = Release|Any CPU
		{309B1292-8F41-4B5F-9122-CDA4A84A28D5}.Release|Any CPU.Build.0 = Release|Any CPU
		{492795A8-FBBA-41C7-AAB4-923867315B31}.Debug|Any CPU.ActiveCfg = Debug|Any CPU
		{492795A8-FBBA-41C7-AAB4-923867315B31}.Debug|Any CPU.Build.0 = Debug|Any CPU
		{492795A8-FBBA-41C7-AAB4-923867315B31}.Release|Any CPU.ActiveCfg = Release|Any CPU
		{492795A8-FBBA-41C7-AAB4-923867315B31}.Release|Any CPU.Build.0 = Release|Any CPU
		{AFB3DA30-8653-4B1C-9611-48ECC4371A82}.Debug|Any CPU.ActiveCfg = Debug|Any CPU
		{AFB3DA30-8653-4B1C-9611-48ECC4371A82}.Debug|Any CPU.Build.0 = Debug|Any CPU
		{AFB3DA30-8653-4B1C-9611-48ECC4371A82}.Release|Any CPU.ActiveCfg = Release|Any CPU
		{AFB3DA30-8653-4B1C-9611-48ECC4371A82}.Release|Any CPU.Build.0 = Release|Any CPU
	EndGlobalSection
	GlobalSection(SolutionProperties) = preSolution
		HideSolutionNode = FALSE
	EndGlobalSection
	GlobalSection(ExtensibilityGlobals) = postSolution
		SolutionGuid = {2AFB69BD-54FD-4337-8054-7CACFDC68CF9}
	EndGlobalSection
EndGlobal
